
Microsoft Visual Studio Solution File, Format Version 12.00
# Visual Studio Version 17
VisualStudioVersion = 17.0.31903.59
MinimumVisualStudioVersion = 10.0.40219.1
Project("{FAE04EC0-301F-11D3-BF4B-00C04F79EFBC}") = "cross_mkr", "cross_mkr\cross_mkr.csproj", "{11B34B11-5E14-4924-BD53-DCF199C892BA}"
EndProject
Project("{FAE04EC0-301F-11D3-BF4B-00C04F79EFBC}") = "cross_mkr.Tests", "cross_mkr.Tests\cross_mkr.Tests.csproj", "{5A7674E4-7251-4896-A631-9479372D0BCD}"
EndProject
Global
	GlobalSection(SolutionConfigurationPlatforms) = preSolution
		Debug|Any CPU = Debug|Any CPU
		Release|Any CPU = Release|Any CPU
	EndGlobalSection
	GlobalSection(SolutionProperties) = preSolution
		HideSolutionNode = FALSE
	EndGlobalSection
	GlobalSection(ProjectConfigurationPlatforms) = postSolution
		{11B34B11-5E14-4924-BD53-DCF199C892BA}.Debug|Any CPU.ActiveCfg = Debug|Any CPU
		{11B34B11-5E14-4924-BD53-DCF199C892BA}.Debug|Any CPU.Build.0 = Debug|Any CPU
		{11B34B11-5E14-4924-BD53-DCF199C892BA}.Release|Any CPU.ActiveCfg = Release|Any CPU
		{11B34B11-5E14-4924-BD53-DCF199C892BA}.Release|Any CPU.Build.0 = Release|Any CPU
		{5A7674E4-7251-4896-A631-9479372D0BCD}.Debug|Any CPU.ActiveCfg = Debug|Any CPU
		{5A7674E4-7251-4896-A631-9479372D0BCD}.Debug|Any CPU.Build.0 = Debug|Any CPU
		{5A7674E4-7251-4896-A631-9479372D0BCD}.Release|Any CPU.ActiveCfg = Release|Any CPU
		{5A7674E4-7251-4896-A631-9479372D0BCD}.Release|Any CPU.Build.0 = Release|Any CPU
	EndGlobalSection
EndGlobal
